
Microsoft Visual Studio Solution File, Format Version 12.00
# Visual Studio Version 17
VisualStudioVersion = 17.14.37012.4
MinimumVisualStudioVersion = 10.0.40219.1
Project("{8BC9CEB8-8B4A-11D0-8D11-00A0C91BC942}") = "_myApp_", "_myApp_\_myApp_.vcxproj", "{7952B628-F412-444C-A15A-758850A173F9}"
EndProject
Project("{8BC9CEB8-8B4A-11D0-8D11-00A0C91BC942}") = "_6buffer_", "_6buffer_\_6buffer_.vcxproj", "{4EA7C936-347F-46F3-8137-C3B57FF34056}"
EndProject
Project("{8BC9CEB8-8B4A-11D0-8D11-00A0C91BC942}") = "_2windmill_", "_2windmill_\_2windmill_.vcxproj", "{CE5D0BCA-A18A-4935-BD2C-EE2683E63F34}"
EndProject
Project("{8BC9CEB8-8B4A-11D0-8D11-00A0C91BC942}") = "_2smile_", "_2smile_\_2smile_.vcxproj", "{0809A505-CF99-41DD-A198-7AA6CB4CECE9}"
EndProject
Project("{8BC9CEB8-8B4A-11D0-8D11-00A0C91BC942}") = "_2star_", "_2star_\_2star_.vcxproj", "{CF3ACB67-B963-4993-8C92-E89D478A417D}"
EndProject
Project("{8BC9CEB8-8B4A-11D0-8D11-00A0C91BC942}") = "_2triangle_", "_2triangle_\_2triangle_.vcxproj", "{33AE412C-7BCC-4CB0-98C8-6055ABB48DE6}"
EndProject
Project("{8BC9CEB8-8B4A-11D0-8D11-00A0C91BC942}") = "_3fragment_", "_3fragment_\_3fragment_.vcxproj", "{20745B42-59CF-4395-A6D0-85889FE0CE85}"
EndProject
Project("{8BC9CEB8-8B4A-11D0-8D11-00A0C91BC942}") = "_3interpolation_", "_3interpolation_\_3interpolation_.vcxproj", "{5F75E19A-3F45-459C-B8F3-837C6AD1023C}"
EndProject
Project("{8BC9CEB8-8B4A-11D0-8D11-00A0C91BC942}") = "_4movingvertex_", "_4movingvertex_\_4movingvertex_.vcxproj", "{9FC63ABA-9CEA-454D-8F2D-A7947D71A21B}"
EndProject
Project("{8BC9CEB8-8B4A-11D0-8D11-00A0C91BC942}") = "_4rotate_", "_4rotate_\_4rotate_.vcxproj", "{37F05034-78C3-4A06-B5EC-769D6A30E37F}"
EndProject
Project("{8BC9CEB8-8B4A-11D0-8D11-00A0C91BC942}") = "_4scaling_", "_4scaling_\_4scaling_.vcxproj", "{53D49639-C8D7-41E2-8200-62B635013DD2}"
EndProject
Project("{8BC9CEB8-8B4A-11D0-8D11-00A0C91BC942}") = "_5matrix_", "_5matrix_\_5matrix_.vcxproj", "{714C74E4-7A0B-499C-B082-0F86B0CC647A}"
EndProject
Project("{8BC9CEB8-8B4A-11D0-8D11-00A0C91BC942}") = "_4windmill_", "_4windmill_\_4windmill_.vcxproj", "{F2BBBDDB-904D-4A2F-B097-D62BFE21C013}"
EndProject
Global
	GlobalSection(SolutionConfigurationPlatforms) = preSolution
		Debug|x64 = Debug|x64
		Debug|x86 = Debug|x86
		Release|x64 = Release|x64
		Release|x86 = Release|x86
	EndGlobalSection
	GlobalSection(ProjectConfigurationPlatforms) = postSolution
		{7952B628-F412-444C-A15A-758850A173F9}.Debug|x64.ActiveCfg = Debug|x64
		{7952B628-F412-444C-A15A-758850A173F9}.Debug|x64.Build.0 = Debug|x64
		{7952B628-F412-444C-A15A-758850A173F9}.Debug|x86.ActiveCfg = Debug|Win32
		{7952B628-F412-444C-A15A-758850A173F9}.Debug|x86.Build.0 = Debug|Win32
		{7952B628-F412-444C-A15A-758850A173F9}.Release|x64.ActiveCfg = Release|x64
		{7952B628-F412-444C-A15A-758850A173F9}.Release|x64.Build.0 = Release|x64
		{7952B628-F412-444C-A15A-758850A173F9}.Release|x86.ActiveCfg = Release|Win32
		{7952B628-F412-444C-A15A-758850A173F9}.Release|x86.Build.0 = Release|Win32
		{4EA7C936-347F-46F3-8137-C3B57FF34056}.Debug|x64.ActiveCfg = Debug|x64
		{4EA7C936-347F-46F3-8137-C3B57FF34056}.Debug|x64.Build.0 = Debug|x64
		{4EA7C936-347F-46F3-8137-C3B57FF34056}.Debug|x86.ActiveCfg = Debug|Win32
		{4EA7C936-347F-46F3-8137-C3B57FF34056}.Debug|x86.Build.0 = Debug|Win32
		{4EA7C936-347F-46F3-8137-C3B57FF34056}.Release|x64.ActiveCfg = Release|x64
		{4EA7C936-347F-46F3-8137-C3B57FF34056}.Release|x64.Build.0 = Release|x64
		{4EA7C936-347F-46F3-8137-C3B57FF34056}.Release|x86.ActiveCfg = Release|Win32
		{4EA7C936-347F-46F3-8137-C3B57FF34056}.Release|x86.Build.0 = Release|Win32
		{CE5D0BCA-A18A-4935-BD2C-EE2683E63F34}.Debug|x64.ActiveCfg = Debug|x64
		{CE5D0BCA-A18A-4935-BD2C-EE2683E63F34}.Debug|x64.Build.0 = Debug|x64
		{CE5D0BCA-A18A-4935-BD2C-EE2683E63F34}.Debug|x86.ActiveCfg = Debug|Win32
		{CE5D0BCA-A18A-4935-BD2C-EE2683E63F34}.Debug|x86.Build.0 = Debug|Win32
		{CE5D0BCA-A18A-4935-BD2C-EE2683E63F34}.Release|x64.ActiveCfg = Release|x64
		{CE5D0BCA-A18A-4935-BD2C-EE2683E63F34}.Release|x64.Build.0 = Release|x64
		{CE5D0BCA-A18A-4935-BD2C-EE2683E63F34}.Release|x86.ActiveCfg = Release|Win32
		{CE5D0BCA-A18A-4935-BD2C-EE2683E63F34}.Release|x86.Build.0 = Release|Win32
		{0809A505-CF99-41DD-A198-7AA6CB4CECE9}.Debug|x64.ActiveCfg = Debug|x64
		{0809A505-CF99-41DD-A198-7AA6CB4CECE9}.Debug|x64.Build.0 = Debug|x64
		{0809A505-CF99-41DD-A198-7AA6CB4CECE9}.Debug|x86.ActiveCfg = Debug|Win32
		{0809A505-CF99-41DD-A198-7AA6CB4CECE9}.Debug|x86.Build.0 = Debug|Win32
		{0809A505-CF99-41DD-A198-7AA6CB4CECE9}.Release|x64.ActiveCfg = Release|x64
		{0809A505-CF99-41DD-A198-7AA6CB4CECE9}.Release|x64.Build.0 = Release|x64
		{0809A505-CF99-41DD-A198-7AA6CB4CECE9}.Release|x86.ActiveCfg = Release|Win32
		{0809A505-CF99-41DD-A198-7AA6CB4CECE9}.Release|x86.Build.0 = Release|Win32
		{CF3ACB67-B963-4993-8C92-E89D478A417D}.Debug|x64.ActiveCfg = Debug|x64
		{CF3ACB67-B963-4993-8C92-E89D478A417D}.Debug|x64.Build.0 = Debug|x64
		{CF3ACB67-B963-4993-8C92-E89D478A417D}.Debug|x86.ActiveCfg = Debug|Win32
		{CF3ACB67-B963-4993-8C92-E89D478A417D}.Debug|x86.Build.0 = Debug|Win32
		{CF3ACB67-B963-4993-8C92-E89D478A417D}.Release|x64.ActiveCfg = Release|x64
		{CF3ACB67-B963-4993-8C92-E89D478A417D}.Release|x64.Build.0 = Release|x64
		{CF3ACB67-B963-4993-8C92-E89D478A417D}.Release|x86.ActiveCfg = Release|Win32
		{CF3ACB67-B963-4993-8C92-E89D478A417D}.Release|x86.Build.0 = Release|Win32
		{33AE412C-7BCC-4CB0-98C8-6055ABB48DE6}.Debug|x64.ActiveCfg = Debug|x64
		{33AE412C-7BCC-4CB0-98C8-6055ABB48DE6}.Debug|x64.Build.0 = Debug|x64
		{33AE412C-7BCC-4CB0-98C8-6055ABB48DE6}.Debug|x86.ActiveCfg = Debug|Win32
		{33AE412C-7BCC-4CB0-98C8-6055ABB48DE6}.Debug|x86.Build.0 = Debug|Win32
		{33AE412C-7BCC-4CB0-98C8-6055ABB48DE6}.Release|x64.ActiveCfg = Release|x64
		{33AE412C-7BCC-4CB0-98C8-6055ABB48DE6}.Release|x64.Build.0 = Release|x64
		{33AE412C-7BCC-4CB0-98C8-6055ABB48DE6}.Release|x86.ActiveCfg = Release|Win32
		{33AE412C-7BCC-4CB0-98C8-6055ABB48DE6}.Release|x86.Build.0 = Release|Win32
		{20745B42-59CF-4395-A6D0-85889FE0CE85}.Debug|x64.ActiveCfg = Debug|x64
		{20745B42-59CF-4395-A6D0-85889FE0CE85}.Debug|x64.Build.0 = Debug|x64
		{20745B42-59CF-4395-A6D0-85889FE0CE85}.Debug|x86.ActiveCfg = Debug|Win32
		{20745B42-59CF-4395-A6D0-85889FE0CE85}.Debug|x86.Build.0 = Debug|Win32
		{20745B42-59CF-4395-A6D0-85889FE0CE85}.Release|x64.ActiveCfg = Release|x64
		{20745B42-59CF-4395-A6D0-85889FE0CE85}.Release|x64.Build.0 = Release|x64
		{20745B42-59CF-4395-A6D0-85889FE0CE85}.Release|x86.ActiveCfg = Release|Win32
		{20745B42-59CF-4395-A6D0-85889FE0CE85}.Release|x86.Build.0 = Release|Win32
		{5F75E19A-3F45-459C-B8F3-837C6AD1023C}.Debug|x64.ActiveCfg = Debug|x64
		{5F75E19A-3F45-459C-B8F3-837C6AD1023C}.Debug|x64.Build.0 = Debug|x64
		{5F75E19A-3F45-459C-B8F3-837C6AD1023C}.Debug|x86.ActiveCfg = Debug|Win32
		{5F75E19A-3F45-459C-B8F3-837C6AD1023C}.Debug|x86.Build.0 = Debug|Win32
		{5F75E19A-3F45-459C-B8F3-837C6AD1023C}.Release|x64.ActiveCfg = Release|x64
		{5F75E19A-3F45-459C-B8F3-837C6AD1023C}.Release|x64.Build.0 = Release|x64
		{5F75E19A-3F45-459C-B8F3-837C6AD1023C}.Release|x86.ActiveCfg = Release|Win32
		{5F75E19A-3F45-459C-B8F3-837C6AD1023C}.Release|x86.Build.0 = Release|Win32
		{9FC63ABA-9CEA-454D-8F2D-A7947D71A21B}.Debug|x64.ActiveCfg = Debug|x64
		{9FC63ABA-9CEA-454D-8F2D-A7947D71A21B}.Debug|x64.Build.0 = Debug|x64
		{9FC63ABA-9CEA-454D-8F2D-A7947D71A21B}.Debug|x86.ActiveCfg = Debug|Win32
		{9FC63ABA-9CEA-454D-8F2D-A7947D71A21B}.Debug|x86.Build.0 = Debug|Win32
		{9FC63ABA-9CEA-454D-8F2D-A7947D71A21B}.Release|x64.ActiveCfg = Release|x64
		{9FC63ABA-9CEA-454D-8F2D-A7947D71A21B}.Release|x64.Build.0 = Release|x64
		{9FC63ABA-9CEA-454D-8F2D-A7947D71A21B}.Release|x86.ActiveCfg = Release|Win32
		{9FC63ABA-9CEA-454D-8F2D-A7947D71A21B}.Release|x86.Build.0 = Release|Win32
		{37F05034-78C3-4A06-B5EC-769D6A30E37F}.Debug|x64.ActiveCfg = Debug|x64
		{37F05034-78C3-4A06-B5EC-769D6A30E37F}.Debug|x64.Build.0 = Debug|x64
		{37F05034-78C3-4A06-B5EC-769D6A30E37F}.Debug|x86.ActiveCfg = Debug|Win32
		{37F05034-78C3-4A06-B5EC-769D6A30E37F}.Debug|x86.Build.0 = Debug|Win32
		{37F05034-78C3-4A06-B5EC-769D6A30E37F}.Release|x64.ActiveCfg = Release|x64
		{37F05034-78C3-4A06-B5EC-769D6A30E37F}.Release|x64.Build.0 = Release|x64
		{37F05034-78C3-4A06-B5EC-769D6A30E37F}.Release|x86.ActiveCfg = Release|Win32
		{37F05034-78C3-4A06-B5EC-769D6A30E37F}.Release|x86.Build.0 = Release|Win32
		{53D49639-C8D7-41E2-8200-62B635013DD2}.Debug|x64.ActiveCfg = Debug|x64
		{53D49639-C8D7-41E2-8200-62B635013DD2}.Debug|x64.Build.0 = Debug|x64
		{53D49639-C8D7-41E2-8200-62B635013DD2}.Debug|x86.ActiveCfg = Debug|Win32
		{53D49639-C8D7-41E2-8200-62B635013DD2}.Debug|x86.Build.0 = Debug|Win32
		{53D49639-C8D7-41E2-8200-62B635013DD2}.Release|x64.ActiveCfg = Release|x64
		{53D49639-C8D7-41E2-8200-62B635013DD2}.Release|x64.Build.0 = Release|x64
		{53D49639-C8D7-41E2-8200-62B635013DD2}.Release|x86.ActiveCfg = Release|Win32
		{53D49639-C8D7-41E2-8200-62B635013DD2}.Release|x86.Build.0 = Release|Win32
		{714C74E4-7A0B-499C-B082-0F86B0CC647A}.Debug|x64.ActiveCfg = Debug|x64
		{714C74E4-7A0B-499C-B082-0F86B0CC647A}.Debug|x64.Build.0 = Debug|x64
		{714C74E4-7A0B-499C-B082-0F86B0CC647A}.Debug|x86.ActiveCfg = Debug|Win32
		{714C74E4-7A0B-499C-B082-0F86B0CC647A}.Debug|x86.Build.0 = Debug|Win32
		{714C74E4-7A0B-499C-B082-0F86B0CC647A}.Release|x64.ActiveCfg = Release|x64
		{714C74E4-7A0B-499C-B082-0F86B0CC647A}.Release|x64.Build.0 = Release|x64
		{714C74E4-7A0B-499C-B082-0F86B0CC647A}.Release|x86.ActiveCfg = Release|Win32
		{714C74E4-7A0B-499C-B082-0F86B0CC647A}.Release|x86.Build.0 = Release|Win32
		{F2BBBDDB-904D-4A2F-B097-D62BFE21C013}.Debug|x64.ActiveCfg = Debug|x64
		{F2BBBDDB-904D-4A2F-B097-D62BFE21C013}.Debug|x64.Build.0 = Debug|x64
		{F2BBBDDB-904D-4A2F-B097-D62BFE21C013}.Debug|x86.ActiveCfg = Debug|Win32
		{F2BBBDDB-904D-4A2F-B097-D62BFE21C013}.Debug|x86.Build.0 = Debug|Win32
		{F2BBBDDB-904D-4A2F-B097-D62BFE21C013}.Release|x64.ActiveCfg = Release|x64
		{F2BBBDDB-904D-4A2F-B097-D62BFE21C013}.Release|x64.Build.0 = Release|x64
		{F2BBBDDB-904D-4A2F-B097-D62BFE21C013}.Release|x86.ActiveCfg = Release|Win32
		{F2BBBDDB-904D-4A2F-B097-D62BFE21C013}.Release|x86.Build.0 = Release|Win32
	EndGlobalSection
	GlobalSection(SolutionProperties) = preSolution
		HideSolutionNode = FALSE
	EndGlobalSection
	GlobalSection(ExtensibilityGlobals) = postSolution
		SolutionGuid = {1AE6432C-F66F-4F22-B20C-34801EF8E09B}
	EndGlobalSection
EndGlobal
